
Microsoft Visual Studio Solution File, Format Version 12.00
# Visual Studio 15
VisualStudioVersion = 15.0.28307.421
MinimumVisualStudioVersion = 10.0.40219.1
Project("{FAE04EC0-301F-11D3-BF4B-00C04F79EFBC}") = "RequestTemplate", "RequestTemplate\RequestTemplate.csproj", "{16153794-D124-47FA-B759-F062F187B5CF}"
EndProject
Global
	GlobalSection(SolutionConfigurationPlatforms) = preSolution
		Debug|Any CPU = Debug|Any CPU
		Release|Any CPU = Release|Any CPU
	EndGlobalSection
	GlobalSection(ProjectConfigurationPlatforms) = postSolution
		{16153794-D124-47FA-B759-F062F187B5CF}.Debug|Any CPU.ActiveCfg = Debug|Any CPU
		{16153794-D124-47FA-B759-F062F187B5CF}.Debug|Any CPU.Build.0 = Debug|Any CPU
		{16153794-D124-47FA-B759-F062F187B5CF}.Release|Any CPU.ActiveCfg = Release|Any CPU
		{16153794-D124-47FA-B759-F062F187B5CF}.Release|Any CPU.Build.0 = Release|Any CPU
	EndGlobalSection
	GlobalSection(SolutionProperties) = preSolution
		HideSolutionNode = FALSE
	EndGlobalSection
	GlobalSection(ExtensibilityGlobals) = postSolution
		SolutionGuid = {54E2D788-8E66-4259-887A-D8771742971E}
	EndGlobalSection
EndGlobal
